// !$*UTF8*$!
{
	archiveVersion = 1;
	classes = {
	};
	objectVersion = 52;
	objects = {

/* Begin PBXBuildFile section */
		290BABF0259A008100058D5A /* profilPicture.png in Resources */ = {isa = PBXBuildFile; fileRef = 290BABEF259A008100058D5A /* profilPicture.png */; };
		290BABFA259A065B00058D5A /* profilData.swift in Sources */ = {isa = PBXBuildFile; fileRef = 290BABF9259A065B00058D5A /* profilData.swift */; };
		290BAC0C259A0AD400058D5A /* ProfilData.json in Resources */ = {isa = PBXBuildFile; fileRef = 290BAC0B259A0AD400058D5A /* ProfilData.json */; };
		290BAC10259A175300058D5A /* history.swift in Sources */ = {isa = PBXBuildFile; fileRef = 290BAC0F259A175300058D5A /* history.swift */; };
		290BAC14259A17D100058D5A /* History.json in Resources */ = {isa = PBXBuildFile; fileRef = 290BAC13259A17D100058D5A /* History.json */; };
		290BAC18259A17D900058D5A /* ActualCrypto.json in Resources */ = {isa = PBXBuildFile; fileRef = 290BAC17259A17D900058D5A /* ActualCrypto.json */; };
		290BAC1C259A187C00058D5A /* ActualCrypto.swift in Sources */ = {isa = PBXBuildFile; fileRef = 290BAC1B259A187C00058D5A /* ActualCrypto.swift */; };
		290BAC20259A238500058D5A /* HistoryRow.swift in Sources */ = {isa = PBXBuildFile; fileRef = 290BAC1F259A238500058D5A /* HistoryRow.swift */; };
		290BAC24259A23AF00058D5A /* ActualRow.swift in Sources */ = {isa = PBXBuildFile; fileRef = 290BAC23259A23AF00058D5A /* ActualRow.swift */; };
		2944FEE72575669B008DF8D1 /* SwiftUICharts in Frameworks */ = {isa = PBXBuildFile; productRef = 2944FEE62575669B008DF8D1 /* SwiftUICharts */; };
		29AF374A257E894800704312 /* logoETH.jpg in Resources */ = {isa = PBXBuildFile; fileRef = 29AF3747257E894800704312 /* logoETH.jpg */; };
		29AF374B257E894800704312 /* logoBTC.jpg in Resources */ = {isa = PBXBuildFile; fileRef = 29AF3748257E894800704312 /* logoBTC.jpg */; };
		29AF374C257E894800704312 /* logoMONERO.jpg in Resources */ = {isa = PBXBuildFile; fileRef = 29AF3749257E894800704312 /* logoMONERO.jpg */; };
		29BF9FF82588EDFD006B82DE /* Buy.swift in Sources */ = {isa = PBXBuildFile; fileRef = 29BF9FF72588EDFD006B82DE /* Buy.swift */; };
		29BF9FFB2588F4DD006B82DE /* Sell.swift in Sources */ = {isa = PBXBuildFile; fileRef = 29BF9FFA2588F4DD006B82DE /* Sell.swift */; };
		29BFA0002588F5ED006B82DE /* logoBTCPNG.png in Resources */ = {isa = PBXBuildFile; fileRef = 29BF9FFD2588F5EC006B82DE /* logoBTCPNG.png */; };
		29BFA0022588F5ED006B82DE /* logoMoneroPNG.png in Resources */ = {isa = PBXBuildFile; fileRef = 29BF9FFF2588F5EC006B82DE /* logoMoneroPNG.png */; };
		29BFA0052588F63B006B82DE /* logoETHPNG.png in Resources */ = {isa = PBXBuildFile; fileRef = 29BFA0042588F63B006B82DE /* logoETHPNG.png */; };
		29EB51902576753F003ECDCC /* login.swift in Sources */ = {isa = PBXBuildFile; fileRef = 29EB518F2576753F003ECDCC /* login.swift */; };
		29EB519325767C02003ECDCC /* menu.swift in Sources */ = {isa = PBXBuildFile; fileRef = 29EB519225767C02003ECDCC /* menu.swift */; };
		29EB519625767CB7003ECDCC /* profil.swift in Sources */ = {isa = PBXBuildFile; fileRef = 29EB519525767CB7003ECDCC /* profil.swift */; };
		29EE28AA258A27D1007E58B0 /* OneSignalNotification.appex in Embed App Extensions */ = {isa = PBXBuildFile; fileRef = 29EE28A3258A27D1007E58B0 /* OneSignalNotification.appex */; settings = {ATTRIBUTES = (RemoveHeadersOnCopy, ); }; };
		29EE28B3258A28A0007E58B0 /* OneSignal in Frameworks */ = {isa = PBXBuildFile; productRef = 29EE28B2258A28A0007E58B0 /* OneSignal */; };
		29EE28C1258A30F2007E58B0 /* Localizable.strings in Resources */ = {isa = PBXBuildFile; fileRef = 29EE28C3258A30F2007E58B0 /* Localizable.strings */; };
		29EE28D3258A4AD1007E58B0 /* NotificationService.swift in Sources */ = {isa = PBXBuildFile; fileRef = 29EE28A5258A27D1007E58B0 /* NotificationService.swift */; };
		B7394866229F194000C47603 /* AppDelegate.swift in Sources */ = {isa = PBXBuildFile; fileRef = B7394865229F194000C47603 /* AppDelegate.swift */; };
		B7394868229F194000C47603 /* SceneDelegate.swift in Sources */ = {isa = PBXBuildFile; fileRef = B7394867229F194000C47603 /* SceneDelegate.swift */; };
		B739486A229F194000C47603 /* LandmarkDetail.swift in Sources */ = {isa = PBXBuildFile; fileRef = B7394869229F194000C47603 /* LandmarkDetail.swift */; };
		B739486C229F194200C47603 /* Assets.xcassets in Resources */ = {isa = PBXBuildFile; fileRef = B739486B229F194200C47603 /* Assets.xcassets */; };
		B739486F229F194200C47603 /* Preview Assets.xcassets in Resources */ = {isa = PBXBuildFile; fileRef = B739486E229F194200C47603 /* Preview Assets.xcassets */; };
		B7394872229F194200C47603 /* LaunchScreen.storyboard in Resources */ = {isa = PBXBuildFile; fileRef = B7394870229F194200C47603 /* LaunchScreen.storyboard */; };
		B739487A229F1B3F00C47603 /* CircleImage.swift in Sources */ = {isa = PBXBuildFile; fileRef = B7394879229F1B3F00C47603 /* CircleImage.swift */; };
		B7394881229F28B900C47603 /* Landmark.swift in Sources */ = {isa = PBXBuildFile; fileRef = B739487F229F28B900C47603 /* Landmark.swift */; };
		B7394882229F28B900C47603 /* Data.swift in Sources */ = {isa = PBXBuildFile; fileRef = B7394880229F28B900C47603 /* Data.swift */; };
		B739489B229F292F00C47603 /* CryptoData.json in Resources */ = {isa = PBXBuildFile; fileRef = B739488E229F292E00C47603 /* CryptoData.json */; };
		B739489F229F2D9700C47603 /* LandmarkRow.swift in Sources */ = {isa = PBXBuildFile; fileRef = B739489E229F2D9700C47603 /* LandmarkRow.swift */; };
		B73948A1229F2E1F00C47603 /* LandmarkList.swift in Sources */ = {isa = PBXBuildFile; fileRef = B73948A0229F2E1F00C47603 /* LandmarkList.swift */; };
/* End PBXBuildFile section */

/* Begin PBXContainerItemProxy section */
		29EE28A8258A27D1007E58B0 /* PBXContainerItemProxy */ = {
			isa = PBXContainerItemProxy;
			containerPortal = B739485A229F194000C47603 /* Project object */;
			proxyType = 1;
			remoteGlobalIDString = 29EE28A2258A27D1007E58B0;
			remoteInfo = OneSignalNotification;
		};
/* End PBXContainerItemProxy section */

/* Begin PBXCopyFilesBuildPhase section */
		29EE28AB258A27D1007E58B0 /* Embed App Extensions */ = {
			isa = PBXCopyFilesBuildPhase;
			buildActionMask = 2147483647;
			dstPath = "";
			dstSubfolderSpec = 13;
			files = (
				29EE28AA258A27D1007E58B0 /* OneSignalNotification.appex in Embed App Extensions */,
			);
			name = "Embed App Extensions";
			runOnlyForDeploymentPostprocessing = 0;
		};
/* End PBXCopyFilesBuildPhase section */

/* Begin PBXFileReference section */
		290BABEF259A008100058D5A /* profilPicture.png */ = {isa = PBXFileReference; lastKnownFileType = image.png; name = profilPicture.png; path = ../../../../../../../Downloads/profilPicture.png; sourceTree = "<group>"; };
		290BABF9259A065B00058D5A /* profilData.swift */ = {isa = PBXFileReference; lastKnownFileType = sourcecode.swift; path = profilData.swift; sourceTree = "<group>"; };
		290BAC0B259A0AD400058D5A /* ProfilData.json */ = {isa = PBXFileReference; fileEncoding = 4; lastKnownFileType = text.json; path = ProfilData.json; sourceTree = "<group>"; };
		290BAC0F259A175300058D5A /* history.swift */ = {isa = PBXFileReference; lastKnownFileType = sourcecode.swift; path = history.swift; sourceTree = "<group>"; };
		290BAC13259A17D100058D5A /* History.json */ = {isa = PBXFileReference; fileEncoding = 4; lastKnownFileType = text.json; path = History.json; sourceTree = "<group>"; };
		290BAC17259A17D900058D5A /* ActualCrypto.json */ = {isa = PBXFileReference; fileEncoding = 4; lastKnownFileType = text.json; path = ActualCrypto.json; sourceTree = "<group>"; };
		290BAC1B259A187C00058D5A /* ActualCrypto.swift */ = {isa = PBXFileReference; lastKnownFileType = sourcecode.swift; path = ActualCrypto.swift; sourceTree = "<group>"; };
		290BAC1F259A238500058D5A /* HistoryRow.swift */ = {isa = PBXFileReference; lastKnownFileType = sourcecode.swift; path = HistoryRow.swift; sourceTree = "<group>"; };
		290BAC23259A23AF00058D5A /* ActualRow.swift */ = {isa = PBXFileReference; lastKnownFileType = sourcecode.swift; path = ActualRow.swift; sourceTree = "<group>"; };
		29AF3747257E894800704312 /* logoETH.jpg */ = {isa = PBXFileReference; lastKnownFileType = image.jpeg; name = logoETH.jpg; path = ../../../../../../../Downloads/logoETH.jpg; sourceTree = "<group>"; };
		29AF3748257E894800704312 /* logoBTC.jpg */ = {isa = PBXFileReference; lastKnownFileType = image.jpeg; name = logoBTC.jpg; path = ../../../../../../../Downloads/logoBTC.jpg; sourceTree = "<group>"; };
		29AF3749257E894800704312 /* logoMONERO.jpg */ = {isa = PBXFileReference; lastKnownFileType = image.jpeg; name = logoMONERO.jpg; path = ../../../../../../../Downloads/logoMONERO.jpg; sourceTree = "<group>"; };
		29AF374E257E912B00704312 /* fr */ = {isa = PBXFileReference; lastKnownFileType = text.plist.strings; name = fr; path = fr.lproj/LaunchScreen.strings; sourceTree = "<group>"; };
		29BF9FF72588EDFD006B82DE /* Buy.swift */ = {isa = PBXFileReference; lastKnownFileType = sourcecode.swift; path = Buy.swift; sourceTree = "<group>"; };
		29BF9FFA2588F4DD006B82DE /* Sell.swift */ = {isa = PBXFileReference; lastKnownFileType = sourcecode.swift; path = Sell.swift; sourceTree = "<group>"; };
		29BF9FFD2588F5EC006B82DE /* logoBTCPNG.png */ = {isa = PBXFileReference; lastKnownFileType = image.png; name = logoBTCPNG.png; path = ../../../../../../../Downloads/logoBTCPNG.png; sourceTree = "<group>"; };
		29BF9FFF2588F5EC006B82DE /* logoMoneroPNG.png */ = {isa = PBXFileReference; lastKnownFileType = image.png; name = logoMoneroPNG.png; path = ../../../../../../../Downloads/logoMoneroPNG.png; sourceTree = "<group>"; };
		29BFA0042588F63B006B82DE /* logoETHPNG.png */ = {isa = PBXFileReference; lastKnownFileType = image.png; name = logoETHPNG.png; path = ../../../../../../../Downloads/logoETHPNG.png; sourceTree = "<group>"; };
		29EB518F2576753F003ECDCC /* login.swift */ = {isa = PBXFileReference; lastKnownFileType = sourcecode.swift; path = login.swift; sourceTree = "<group>"; };
		29EB519225767C02003ECDCC /* menu.swift */ = {isa = PBXFileReference; lastKnownFileType = sourcecode.swift; path = menu.swift; sourceTree = "<group>"; };
		29EB519525767CB7003ECDCC /* profil.swift */ = {isa = PBXFileReference; lastKnownFileType = sourcecode.swift; path = profil.swift; sourceTree = "<group>"; };
		29EE28A3258A27D1007E58B0 /* OneSignalNotification.appex */ = {isa = PBXFileReference; explicitFileType = "wrapper.app-extension"; includeInIndex = 0; path = OneSignalNotification.appex; sourceTree = BUILT_PRODUCTS_DIR; };
		29EE28A5258A27D1007E58B0 /* NotificationService.swift */ = {isa = PBXFileReference; lastKnownFileType = sourcecode.swift; path = NotificationService.swift; sourceTree = "<group>"; };
		29EE28A7258A27D1007E58B0 /* Info.plist */ = {isa = PBXFileReference; lastKnownFileType = text.plist.xml; path = Info.plist; sourceTree = "<group>"; };
		29EE28B6258A28EA007E58B0 /* IOS-COURSES.entitlements */ = {isa = PBXFileReference; lastKnownFileType = text.plist.entitlements; path = "IOS-COURSES.entitlements"; sourceTree = "<group>"; };
		29EE28B9258A3038007E58B0 /* de */ = {isa = PBXFileReference; lastKnownFileType = text.plist.strings; name = de; path = de.lproj/LaunchScreen.strings; sourceTree = "<group>"; };
		29EE28C2258A30F2007E58B0 /* en */ = {isa = PBXFileReference; lastKnownFileType = text.plist.strings; name = en; path = en.lproj/Localizable.strings; sourceTree = "<group>"; };
		29EE28C6258A3138007E58B0 /* fr */ = {isa = PBXFileReference; lastKnownFileType = text.plist.strings; name = fr; path = fr.lproj/Localizable.strings; sourceTree = "<group>"; };
		29EE28C7258A3138007E58B0 /* de */ = {isa = PBXFileReference; lastKnownFileType = text.plist.strings; name = de; path = de.lproj/Localizable.strings; sourceTree = "<group>"; };
		B7394862229F194000C47603 /* IOS-COURSES.app */ = {isa = PBXFileReference; explicitFileType = wrapper.application; includeInIndex = 0; path = "IOS-COURSES.app"; sourceTree = BUILT_PRODUCTS_DIR; };
		B7394865229F194000C47603 /* AppDelegate.swift */ = {isa = PBXFileReference; lastKnownFileType = sourcecode.swift; path = AppDelegate.swift; sourceTree = "<group>"; };
		B7394867229F194000C47603 /* SceneDelegate.swift */ = {isa = PBXFileReference; lastKnownFileType = sourcecode.swift; path = SceneDelegate.swift; sourceTree = "<group>"; };
		B7394869229F194000C47603 /* LandmarkDetail.swift */ = {isa = PBXFileReference; lastKnownFileType = sourcecode.swift; path = LandmarkDetail.swift; sourceTree = "<group>"; };
		B739486B229F194200C47603 /* Assets.xcassets */ = {isa = PBXFileReference; lastKnownFileType = folder.assetcatalog; path = Assets.xcassets; sourceTree = "<group>"; };
		B739486E229F194200C47603 /* Preview Assets.xcassets */ = {isa = PBXFileReference; lastKnownFileType = folder.assetcatalog; path = "Preview Assets.xcassets"; sourceTree = "<group>"; };
		B7394871229F194200C47603 /* Base */ = {isa = PBXFileReference; lastKnownFileType = file.storyboard; name = Base; path = Base.lproj/LaunchScreen.storyboard; sourceTree = "<group>"; };
		B7394873229F194200C47603 /* Info.plist */ = {isa = PBXFileReference; lastKnownFileType = text.plist.xml; path = Info.plist; sourceTree = "<group>"; };
		B7394879229F1B3F00C47603 /* CircleImage.swift */ = {isa = PBXFileReference; lastKnownFileType = sourcecode.swift; path = CircleImage.swift; sourceTree = "<group>"; };
		B739487F229F28B900C47603 /* Landmark.swift */ = {isa = PBXFileReference; fileEncoding = 4; lastKnownFileType = sourcecode.swift; path = Landmark.swift; sourceTree = "<group>"; };
		B7394880229F28B900C47603 /* Data.swift */ = {isa = PBXFileReference; fileEncoding = 4; lastKnownFileType = sourcecode.swift; path = Data.swift; sourceTree = "<group>"; };
		B739488E229F292E00C47603 /* CryptoData.json */ = {isa = PBXFileReference; fileEncoding = 4; lastKnownFileType = text.json; path = CryptoData.json; sourceTree = "<group>"; };
		B739489E229F2D9700C47603 /* LandmarkRow.swift */ = {isa = PBXFileReference; lastKnownFileType = sourcecode.swift; name = LandmarkRow.swift; path = "Supporting Views/LandmarkRow.swift"; sourceTree = "<group>"; };
		B73948A0229F2E1F00C47603 /* LandmarkList.swift */ = {isa = PBXFileReference; lastKnownFileType = sourcecode.swift; path = LandmarkList.swift; sourceTree = "<group>"; };
		C4E4AAA0C4E4035000000001 /* README.md */ = {isa = PBXFileReference; lastKnownFileType = net.daringfireball.markdown; name = README.md; path = ../README.md; sourceTree = "<group>"; };
		FB75835CADF255844DAD0DAD /* SampleCode.xcconfig */ = {isa = PBXFileReference; lastKnownFileType = text.xcconfig; name = SampleCode.xcconfig; path = ../Configuration/SampleCode.xcconfig; sourceTree = "<group>"; };
/* End PBXFileReference section */

/* Begin PBXFrameworksBuildPhase section */
		29EE28A0258A27D1007E58B0 /* Frameworks */ = {
			isa = PBXFrameworksBuildPhase;
			buildActionMask = 2147483647;
			files = (
			);
			runOnlyForDeploymentPostprocessing = 0;
		};
		B739485F229F194000C47603 /* Frameworks */ = {
			isa = PBXFrameworksBuildPhase;
			buildActionMask = 2147483647;
			files = (
				2944FEE72575669B008DF8D1 /* SwiftUICharts in Frameworks */,
				29EE28B3258A28A0007E58B0 /* OneSignal in Frameworks */,
			);
			runOnlyForDeploymentPostprocessing = 0;
		};
/* End PBXFrameworksBuildPhase section */

/* Begin PBXGroup section */
		0BA6BB22EC06EFBEA60A948C /* Configuration */ = {
			isa = PBXGroup;
			children = (
				FB75835CADF255844DAD0DAD /* SampleCode.xcconfig */,
			);
			name = Configuration;
			sourceTree = "<group>";
		};
		29EE28A4258A27D1007E58B0 /* OneSignalNotification */ = {
			isa = PBXGroup;
			children = (
				29EE28A5258A27D1007E58B0 /* NotificationService.swift */,
				29EE28A7258A27D1007E58B0 /* Info.plist */,
			);
			path = OneSignalNotification;
			sourceTree = "<group>";
		};
		29EE28BA258A3073007E58B0 /* localization */ = {
			isa = PBXGroup;
			children = (
				29EE28C3258A30F2007E58B0 /* Localizable.strings */,
			);
			path = localization;
			sourceTree = "<group>";
		};
		B7394859229F194000C47603 = {
			isa = PBXGroup;
			children = (
				29EE28A4258A27D1007E58B0 /* OneSignalNotification */,
				29EE28B6258A28EA007E58B0 /* IOS-COURSES.entitlements */,
				C4E4AAA0C4E4035000000001 /* README.md */,
				B7394864229F194000C47603 /* Landmarks */,
				B7394863229F194000C47603 /* Products */,
				0BA6BB22EC06EFBEA60A948C /* Configuration */,
			);
			sourceTree = "<group>";
		};
		B7394863229F194000C47603 /* Products */ = {
			isa = PBXGroup;
			children = (
				B7394862229F194000C47603 /* IOS-COURSES.app */,
				29EE28A3258A27D1007E58B0 /* OneSignalNotification.appex */,
			);
			name = Products;
			sourceTree = "<group>";
		};
		B7394864229F194000C47603 /* Landmarks */ = {
			isa = PBXGroup;
			children = (
				29EE28BA258A3073007E58B0 /* localization */,
				B739487E229F282200C47603 /* Models */,
				B7394865229F194000C47603 /* AppDelegate.swift */,
				B7394867229F194000C47603 /* SceneDelegate.swift */,
				B73948A0229F2E1F00C47603 /* LandmarkList.swift */,
				29BF9FF72588EDFD006B82DE /* Buy.swift */,
				29EB519225767C02003ECDCC /* menu.swift */,
				29EB519525767CB7003ECDCC /* profil.swift */,
				B739489E229F2D9700C47603 /* LandmarkRow.swift */,
				290BAC1F259A238500058D5A /* HistoryRow.swift */,
				290BAC23259A23AF00058D5A /* ActualRow.swift */,
				B7394869229F194000C47603 /* LandmarkDetail.swift */,
				29BF9FFA2588F4DD006B82DE /* Sell.swift */,
				B739487D229F1C0100C47603 /* Supporting Views */,
				B7394883229F291A00C47603 /* Resources */,
				B739486B229F194200C47603 /* Assets.xcassets */,
				B7394870229F194200C47603 /* LaunchScreen.storyboard */,
				B7394873229F194200C47603 /* Info.plist */,
				B739486D229F194200C47603 /* Preview Content */,
				29EB518F2576753F003ECDCC /* login.swift */,
			);
			path = Landmarks;
			sourceTree = "<group>";
		};
		B739486D229F194200C47603 /* Preview Content */ = {
			isa = PBXGroup;
			children = (
				B739486E229F194200C47603 /* Preview Assets.xcassets */,
			);
			path = "Preview Content";
			sourceTree = "<group>";
		};
		B739487D229F1C0100C47603 /* Supporting Views */ = {
			isa = PBXGroup;
			children = (
				B7394879229F1B3F00C47603 /* CircleImage.swift */,
			);
			path = "Supporting Views";
			sourceTree = "<group>";
		};
		B739487E229F282200C47603 /* Models */ = {
			isa = PBXGroup;
			children = (
				B7394880229F28B900C47603 /* Data.swift */,
				B739487F229F28B900C47603 /* Landmark.swift */,
				290BABF9259A065B00058D5A /* profilData.swift */,
				290BAC0F259A175300058D5A /* history.swift */,
				290BAC1B259A187C00058D5A /* ActualCrypto.swift */,
			);
			path = Models;
			sourceTree = "<group>";
		};
		B7394883229F291A00C47603 /* Resources */ = {
			isa = PBXGroup;
			children = (
				29BF9FFD2588F5EC006B82DE /* logoBTCPNG.png */,
				29BFA0042588F63B006B82DE /* logoETHPNG.png */,
				29BF9FFF2588F5EC006B82DE /* logoMoneroPNG.png */,
				290BABEF259A008100058D5A /* profilPicture.png */,
				29AF3748257E894800704312 /* logoBTC.jpg */,
				29AF3747257E894800704312 /* logoETH.jpg */,
				29AF3749257E894800704312 /* logoMONERO.jpg */,
				290BAC13259A17D100058D5A /* History.json */,
				290BAC17259A17D900058D5A /* ActualCrypto.json */,
				290BAC0B259A0AD400058D5A /* ProfilData.json */,
				B739488E229F292E00C47603 /* CryptoData.json */,
			);
			path = Resources;
			sourceTree = "<group>";
		};
/* End PBXGroup section */

/* Begin PBXNativeTarget section */
		29EE28A2258A27D1007E58B0 /* OneSignalNotification */ = {
			isa = PBXNativeTarget;
			buildConfigurationList = 29EE28AE258A27D1007E58B0 /* Build configuration list for PBXNativeTarget "OneSignalNotification" */;
			buildPhases = (
				29EE289F258A27D1007E58B0 /* Sources */,
				29EE28A0258A27D1007E58B0 /* Frameworks */,
				29EE28A1258A27D1007E58B0 /* Resources */,
			);
			buildRules = (
			);
			dependencies = (
			);
			name = OneSignalNotification;
			productName = OneSignalNotification;
			productReference = 29EE28A3258A27D1007E58B0 /* OneSignalNotification.appex */;
			productType = "com.apple.product-type.app-extension";
		};
		B7394861229F194000C47603 /* IOS-COURSES */ = {
			isa = PBXNativeTarget;
			buildConfigurationList = B7394876229F194200C47603 /* Build configuration list for PBXNativeTarget "IOS-COURSES" */;
			buildPhases = (
				B739485E229F194000C47603 /* Sources */,
				B739485F229F194000C47603 /* Frameworks */,
				B7394860229F194000C47603 /* Resources */,
				29EE28AB258A27D1007E58B0 /* Embed App Extensions */,
			);
			buildRules = (
			);
			dependencies = (
				29EE28A9258A27D1007E58B0 /* PBXTargetDependency */,
			);
			name = "IOS-COURSES";
			packageProductDependencies = (
				2944FEE62575669B008DF8D1 /* SwiftUICharts */,
				29EE28B2258A28A0007E58B0 /* OneSignal */,
			);
			productName = Landmarks;
			productReference = B7394862229F194000C47603 /* IOS-COURSES.app */;
			productType = "com.apple.product-type.application";
		};
/* End PBXNativeTarget section */

/* Begin PBXProject section */
		B739485A229F194000C47603 /* Project object */ = {
			isa = PBXProject;
			attributes = {
				DefaultBuildSystemTypeForWorkspace = Latest;
				LastSwiftUpdateCheck = 1230;
				LastUpgradeCheck = 1200;
				ORGANIZATIONNAME = Apple;
				TargetAttributes = {
					29EE28A2258A27D1007E58B0 = {
						CreatedOnToolsVersion = 12.3;
					};
					B7394861229F194000C47603 = {
						CreatedOnToolsVersion = 11.0;
					};
				};
			};
			buildConfigurationList = B739485D229F194000C47603 /* Build configuration list for PBXProject "IOS-courses" */;
			compatibilityVersion = "Xcode 9.3";
			developmentRegion = en;
			hasScannedForEncodings = 0;
			knownRegions = (
				en,
				Base,
				fr,
				de,
			);
			mainGroup = B7394859229F194000C47603;
			packageReferences = (
				2944FEE52575669B008DF8D1 /* XCRemoteSwiftPackageReference "ChartView" */,
				29EE28B1258A28A0007E58B0 /* XCRemoteSwiftPackageReference "OneSignal-iOS-SDK" */,
			);
			productRefGroup = B7394863229F194000C47603 /* Products */;
			projectDirPath = "";
			projectRoot = "";
			targets = (
				B7394861229F194000C47603 /* IOS-COURSES */,
				29EE28A2258A27D1007E58B0 /* OneSignalNotification */,
			);
		};
/* End PBXProject section */

/* Begin PBXResourcesBuildPhase section */
		29EE28A1258A27D1007E58B0 /* Resources */ = {
			isa = PBXResourcesBuildPhase;
			buildActionMask = 2147483647;
			files = (
			);
			runOnlyForDeploymentPostprocessing = 0;
		};
		B7394860229F194000C47603 /* Resources */ = {
			isa = PBXResourcesBuildPhase;
			buildActionMask = 2147483647;
			files = (
				29BFA0002588F5ED006B82DE /* logoBTCPNG.png in Resources */,
				B7394872229F194200C47603 /* LaunchScreen.storyboard in Resources */,
				B739486F229F194200C47603 /* Preview Assets.xcassets in Resources */,
				B739486C229F194200C47603 /* Assets.xcassets in Resources */,
				290BAC14259A17D100058D5A /* History.json in Resources */,
				29AF374A257E894800704312 /* logoETH.jpg in Resources */,
				29AF374C257E894800704312 /* logoMONERO.jpg in Resources */,
				B739489B229F292F00C47603 /* CryptoData.json in Resources */,
				290BAC18259A17D900058D5A /* ActualCrypto.json in Resources */,
				290BAC0C259A0AD400058D5A /* ProfilData.json in Resources */,
				29BFA0022588F5ED006B82DE /* logoMoneroPNG.png in Resources */,
				290BABF0259A008100058D5A /* profilPicture.png in Resources */,
				29EE28C1258A30F2007E58B0 /* Localizable.strings in Resources */,
				29AF374B257E894800704312 /* logoBTC.jpg in Resources */,
				29BFA0052588F63B006B82DE /* logoETHPNG.png in Resources */,
			);
			runOnlyForDeploymentPostprocessing = 0;
		};
/* End PBXResourcesBuildPhase section */

/* Begin PBXSourcesBuildPhase section */
		29EE289F258A27D1007E58B0 /* Sources */ = {
			isa = PBXSourcesBuildPhase;
			buildActionMask = 2147483647;
			files = (
				29EE28D3258A4AD1007E58B0 /* NotificationService.swift in Sources */,
			);
			runOnlyForDeploymentPostprocessing = 0;
		};
		B739485E229F194000C47603 /* Sources */ = {
			isa = PBXSourcesBuildPhase;
			buildActionMask = 2147483647;
			files = (
				29BF9FF82588EDFD006B82DE /* Buy.swift in Sources */,
				29EB519325767C02003ECDCC /* menu.swift in Sources */,
				29BF9FFB2588F4DD006B82DE /* Sell.swift in Sources */,
				B7394882229F28B900C47603 /* Data.swift in Sources */,
				B7394866229F194000C47603 /* AppDelegate.swift in Sources */,
				B739487A229F1B3F00C47603 /* CircleImage.swift in Sources */,
				B73948A1229F2E1F00C47603 /* LandmarkList.swift in Sources */,
				29EB51902576753F003ECDCC /* login.swift in Sources */,
				290BAC24259A23AF00058D5A /* ActualRow.swift in Sources */,
				290BAC1C259A187C00058D5A /* ActualCrypto.swift in Sources */,
				290BABFA259A065B00058D5A /* profilData.swift in Sources */,
				B7394868229F194000C47603 /* SceneDelegate.swift in Sources */,
				290BAC20259A238500058D5A /* HistoryRow.swift in Sources */,
				290BAC10259A175300058D5A /* history.swift in Sources */,
				B739486A229F194000C47603 /* LandmarkDetail.swift in Sources */,
				B739489F229F2D9700C47603 /* LandmarkRow.swift in Sources */,
				B7394881229F28B900C47603 /* Landmark.swift in Sources */,
				29EB519625767CB7003ECDCC /* profil.swift in Sources */,
			);
			runOnlyForDeploymentPostprocessing = 0;
		};
/* End PBXSourcesBuildPhase section */

/* Begin PBXTargetDependency section */
		29EE28A9258A27D1007E58B0 /* PBXTargetDependency */ = {
			isa = PBXTargetDependency;
			target = 29EE28A2258A27D1007E58B0 /* OneSignalNotification */;
			targetProxy = 29EE28A8258A27D1007E58B0 /* PBXContainerItemProxy */;
		};
/* End PBXTargetDependency section */

/* Begin PBXVariantGroup section */
		29EE28C3258A30F2007E58B0 /* Localizable.strings */ = {
			isa = PBXVariantGroup;
			children = (
				29EE28C2258A30F2007E58B0 /* en */,
				29EE28C6258A3138007E58B0 /* fr */,
				29EE28C7258A3138007E58B0 /* de */,
			);
			name = Localizable.strings;
			sourceTree = "<group>";
		};
		B7394870229F194200C47603 /* LaunchScreen.storyboard */ = {
			isa = PBXVariantGroup;
			children = (
				B7394871229F194200C47603 /* Base */,
				29AF374E257E912B00704312 /* fr */,
				29EE28B9258A3038007E58B0 /* de */,
			);
			name = LaunchScreen.storyboard;
			sourceTree = "<group>";
		};
/* End PBXVariantGroup section */

/* Begin XCBuildConfiguration section */
		29EE28AC258A27D1007E58B0 /* Debug */ = {
			isa = XCBuildConfiguration;
			buildSettings = {
				CODE_SIGN_IDENTITY = "Apple Development";
				CODE_SIGN_STYLE = Automatic;
				DEVELOPMENT_TEAM = YUATCS674Z;
				INFOPLIST_FILE = OneSignalNotification/Info.plist;
				IPHONEOS_DEPLOYMENT_TARGET = 14.3;
				LD_RUNPATH_SEARCH_PATHS = (
					"$(inherited)",
					"@executable_path/Frameworks",
					"@executable_path/../../Frameworks",
				);
				PRODUCT_BUNDLE_IDENTIFIER = com.example.test.1.1;
				PRODUCT_NAME = "$(TARGET_NAME)";
				SKIP_INSTALL = YES;
				SWIFT_VERSION = 5.0;
				TARGETED_DEVICE_FAMILY = "1,2";
			};
			name = Debug;
		};
		29EE28AD258A27D1007E58B0 /* Release */ = {
			isa = XCBuildConfiguration;
			buildSettings = {
				CODE_SIGN_IDENTITY = "Apple Development";
				CODE_SIGN_STYLE = Automatic;
				DEVELOPMENT_TEAM = YUATCS674Z;
				INFOPLIST_FILE = OneSignalNotification/Info.plist;
				IPHONEOS_DEPLOYMENT_TARGET = 14.3;
				LD_RUNPATH_SEARCH_PATHS = (
					"$(inherited)",
					"@executable_path/Frameworks",
					"@executable_path/../../Frameworks",
				);
				PRODUCT_BUNDLE_IDENTIFIER = com.example.test.1.1;
				PRODUCT_NAME = "$(TARGET_NAME)";
				SKIP_INSTALL = YES;
				SWIFT_VERSION = 5.0;
				TARGETED_DEVICE_FAMILY = "1,2";
			};
			name = Release;
		};
		B7394874229F194200C47603 /* Debug */ = {
			isa = XCBuildConfiguration;
			baseConfigurationReference = FB75835CADF255844DAD0DAD /* SampleCode.xcconfig */;
			buildSettings = {
				ALWAYS_SEARCH_USER_PATHS = NO;
				CLANG_ANALYZER_LOCALIZABILITY_NONLOCALIZED = YES;
				CLANG_ANALYZER_NONNULL = YES;
				CLANG_ANALYZER_NUMBER_OBJECT_CONVERSION = YES_AGGRESSIVE;
				CLANG_CXX_LANGUAGE_STANDARD = "gnu++14";
				CLANG_CXX_LIBRARY = "libc++";
				CLANG_ENABLE_MODULES = YES;
				CLANG_ENABLE_OBJC_ARC = YES;
				CLANG_ENABLE_OBJC_WEAK = YES;
				CLANG_WARN_BLOCK_CAPTURE_AUTORELEASING = YES;
				CLANG_WARN_BOOL_CONVERSION = YES;
				CLANG_WARN_COMMA = YES;
				CLANG_WARN_CONSTANT_CONVERSION = YES;
				CLANG_WARN_DEPRECATED_OBJC_IMPLEMENTATIONS = YES;
				CLANG_WARN_DIRECT_OBJC_ISA_USAGE = YES_ERROR;
				CLANG_WARN_DOCUMENTATION_COMMENTS = YES;
				CLANG_WARN_EMPTY_BODY = YES;
				CLANG_WARN_ENUM_CONVERSION = YES;
				CLANG_WARN_INFINITE_RECURSION = YES;
				CLANG_WARN_INT_CONVERSION = YES;
				CLANG_WARN_NON_LITERAL_NULL_CONVERSION = YES;
				CLANG_WARN_OBJC_IMPLICIT_RETAIN_SELF = YES;
				CLANG_WARN_OBJC_LITERAL_CONVERSION = YES;
				CLANG_WARN_OBJC_ROOT_CLASS = YES_ERROR;
				CLANG_WARN_QUOTED_INCLUDE_IN_FRAMEWORK_HEADER = YES;
				CLANG_WARN_RANGE_LOOP_ANALYSIS = YES;
				CLANG_WARN_STRICT_PROTOTYPES = YES;
				CLANG_WARN_SUSPICIOUS_MOVE = YES;
				CLANG_WARN_UNGUARDED_AVAILABILITY = YES_AGGRESSIVE;
				CLANG_WARN_UNREACHABLE_CODE = YES;
				CLANG_WARN__DUPLICATE_METHOD_MATCH = YES;
				COPY_PHASE_STRIP = NO;
				DEBUG_INFORMATION_FORMAT = dwarf;
				ENABLE_STRICT_OBJC_MSGSEND = YES;
				ENABLE_TESTABILITY = YES;
				GCC_C_LANGUAGE_STANDARD = gnu11;
				GCC_DYNAMIC_NO_PIC = NO;
				GCC_NO_COMMON_BLOCKS = YES;
				GCC_OPTIMIZATION_LEVEL = 0;
				GCC_PREPROCESSOR_DEFINITIONS = (
					"DEBUG=1",
					"$(inherited)",
				);
				GCC_WARN_64_TO_32_BIT_CONVERSION = YES;
				GCC_WARN_ABOUT_RETURN_TYPE = YES_ERROR;
				GCC_WARN_UNDECLARED_SELECTOR = YES;
				GCC_WARN_UNINITIALIZED_AUTOS = YES_AGGRESSIVE;
				GCC_WARN_UNUSED_FUNCTION = YES;
				GCC_WARN_UNUSED_VARIABLE = YES;
				IPHONEOS_DEPLOYMENT_TARGET = 14.0;
				MTL_ENABLE_DEBUG_INFO = INCLUDE_SOURCE;
				MTL_FAST_MATH = YES;
				ONLY_ACTIVE_ARCH = YES;
				SDKROOT = iphoneos;
				SWIFT_ACTIVE_COMPILATION_CONDITIONS = DEBUG;
				SWIFT_OPTIMIZATION_LEVEL = "-Onone";
			};
			name = Debug;
		};
		B7394875229F194200C47603 /* Release */ = {
			isa = XCBuildConfiguration;
			baseConfigurationReference = FB75835CADF255844DAD0DAD /* SampleCode.xcconfig */;
			buildSettings = {
				ALWAYS_SEARCH_USER_PATHS = NO;
				CLANG_ANALYZER_LOCALIZABILITY_NONLOCALIZED = YES;
				CLANG_ANALYZER_NONNULL = YES;
				CLANG_ANALYZER_NUMBER_OBJECT_CONVERSION = YES_AGGRESSIVE;
				CLANG_CXX_LANGUAGE_STANDARD = "gnu++14";
				CLANG_CXX_LIBRARY = "libc++";
				CLANG_ENABLE_MODULES = YES;
				CLANG_ENABLE_OBJC_ARC = YES;
				CLANG_ENABLE_OBJC_WEAK = YES;
				CLANG_WARN_BLOCK_CAPTURE_AUTORELEASING = YES;
				CLANG_WARN_BOOL_CONVERSION = YES;
				CLANG_WARN_COMMA = YES;
				CLANG_WARN_CONSTANT_CONVERSION = YES;
				CLANG_WARN_DEPRECATED_OBJC_IMPLEMENTATIONS = YES;
				CLANG_WARN_DIRECT_OBJC_ISA_USAGE = YES_ERROR;
				CLANG_WARN_DOCUMENTATION_COMMENTS = YES;
				CLANG_WARN_EMPTY_BODY = YES;
				CLANG_WARN_ENUM_CONVERSION = YES;
				CLANG_WARN_INFINITE_RECURSION = YES;
				CLANG_WARN_INT_CONVERSION = YES;
				CLANG_WARN_NON_LITERAL_NULL_CONVERSION = YES;
				CLANG_WARN_OBJC_IMPLICIT_RETAIN_SELF = YES;
				CLANG_WARN_OBJC_LITERAL_CONVERSION = YES;
				CLANG_WARN_OBJC_ROOT_CLASS = YES_ERROR;
				CLANG_WARN_QUOTED_INCLUDE_IN_FRAMEWORK_HEADER = YES;
				CLANG_WARN_RANGE_LOOP_ANALYSIS = YES;
				CLANG_WARN_STRICT_PROTOTYPES = YES;
				CLANG_WARN_SUSPICIOUS_MOVE = YES;
				CLANG_WARN_UNGUARDED_AVAILABILITY = YES_AGGRESSIVE;
				CLANG_WARN_UNREACHABLE_CODE = YES;
				CLANG_WARN__DUPLICATE_METHOD_MATCH = YES;
				COPY_PHASE_STRIP = NO;
				DEBUG_INFORMATION_FORMAT = "dwarf-with-dsym";
				ENABLE_NS_ASSERTIONS = NO;
				ENABLE_STRICT_OBJC_MSGSEND = YES;
				GCC_C_LANGUAGE_STANDARD = gnu11;
				GCC_NO_COMMON_BLOCKS = YES;
				GCC_WARN_64_TO_32_BIT_CONVERSION = YES;
				GCC_WARN_ABOUT_RETURN_TYPE = YES_ERROR;
				GCC_WARN_UNDECLARED_SELECTOR = YES;
				GCC_WARN_UNINITIALIZED_AUTOS = YES_AGGRESSIVE;
				GCC_WARN_UNUSED_FUNCTION = YES;
				GCC_WARN_UNUSED_VARIABLE = YES;
				IPHONEOS_DEPLOYMENT_TARGET = 14.0;
				MTL_ENABLE_DEBUG_INFO = NO;
				MTL_FAST_MATH = YES;
				SDKROOT = iphoneos;
				SWIFT_COMPILATION_MODE = wholemodule;
				SWIFT_OPTIMIZATION_LEVEL = "-O";
				VALIDATE_PRODUCT = YES;
			};
			name = Release;
		};
		B7394877229F194200C47603 /* Debug */ = {
			isa = XCBuildConfiguration;
			baseConfigurationReference = FB75835CADF255844DAD0DAD /* SampleCode.xcconfig */;
			buildSettings = {
				ALWAYS_EMBED_SWIFT_STANDARD_LIBRARIES = YES;
				ASSETCATALOG_COMPILER_APPICON_NAME = AppIcon;
				CODE_SIGN_ENTITLEMENTS = "IOS-COURSES.entitlements";
				CODE_SIGN_IDENTITY = "Apple Development";
				CODE_SIGN_STYLE = Automatic;
				DEVELOPMENT_ASSET_PATHS = "Landmarks/Preview\\ Content";
				DEVELOPMENT_TEAM = YUATCS674Z;
				ENABLE_PREVIEWS = YES;
				INFOPLIST_FILE = Landmarks/Info.plist;
				LD_RUNPATH_SEARCH_PATHS = (
					"$(inherited)",
					"@executable_path/Frameworks",
				);
				PRODUCT_BUNDLE_IDENTIFIER = com.example.test.1;
				PRODUCT_NAME = "$(TARGET_NAME)";
				PROVISIONING_PROFILE_SPECIFIER = "";
				SWIFT_VERSION = 5.0;
				TARGETED_DEVICE_FAMILY = "1,2";
			};
			name = Debug;
		};
		B7394878229F194200C47603 /* Release */ = {
			isa = XCBuildConfiguration;
			baseConfigurationReference = FB75835CADF255844DAD0DAD /* SampleCode.xcconfig */;
			buildSettings = {
				ALWAYS_EMBED_SWIFT_STANDARD_LIBRARIES = YES;
				ASSETCATALOG_COMPILER_APPICON_NAME = AppIcon;
				CODE_SIGN_ENTITLEMENTS = "IOS-COURSES.entitlements";
				CODE_SIGN_IDENTITY = "Apple Development";
				CODE_SIGN_STYLE = Automatic;
				DEVELOPMENT_ASSET_PATHS = "Landmarks/Preview\\ Content";
				DEVELOPMENT_TEAM = YUATCS674Z;
				ENABLE_PREVIEWS = YES;
				INFOPLIST_FILE = Landmarks/Info.plist;
				LD_RUNPATH_SEARCH_PATHS = (
					"$(inherited)",
					"@executable_path/Frameworks",
				);
				PRODUCT_BUNDLE_IDENTIFIER = com.example.test.1;
				PRODUCT_NAME = "$(TARGET_NAME)";
				PROVISIONING_PROFILE_SPECIFIER = "";
				SWIFT_VERSION = 5.0;
				TARGETED_DEVICE_FAMILY = "1,2";
			};
			name = Release;
		};
/* End XCBuildConfiguration section */

/* Begin XCConfigurationList section */
		29EE28AE258A27D1007E58B0 /* Build configuration list for PBXNativeTarget "OneSignalNotification" */ = {
			isa = XCConfigurationList;
			buildConfigurations = (
				29EE28AC258A27D1007E58B0 /* Debug */,
				29EE28AD258A27D1007E58B0 /* Release */,
			);
			defaultConfigurationIsVisible = 0;
			defaultConfigurationName = Release;
		};
		B739485D229F194000C47603 /* Build configuration list for PBXProject "IOS-courses" */ = {
			isa = XCConfigurationList;
			buildConfigurations = (
				B7394874229F194200C47603 /* Debug */,
				B7394875229F194200C47603 /* Release */,
			);
			defaultConfigurationIsVisible = 0;
			defaultConfigurationName = Release;
		};
		B7394876229F194200C47603 /* Build configuration list for PBXNativeTarget "IOS-COURSES" */ = {
			isa = XCConfigurationList;
			buildConfigurations = (
				B7394877229F194200C47603 /* Debug */,
				B7394878229F194200C47603 /* Release */,
			);
			defaultConfigurationIsVisible = 0;
			defaultConfigurationName = Release;
		};
/* End XCConfigurationList section */

/* Begin XCRemoteSwiftPackageReference section */
		2944FEE52575669B008DF8D1 /* XCRemoteSwiftPackageReference "ChartView" */ = {
			isa = XCRemoteSwiftPackageReference;
			repositoryURL = "https://github.com/AppPear/ChartView";
			requirement = {
				branch = master;
				kind = branch;
			};
		};
		29EE28B1258A28A0007E58B0 /* XCRemoteSwiftPackageReference "OneSignal-iOS-SDK" */ = {
			isa = XCRemoteSwiftPackageReference;
			repositoryURL = "https://github.com/OneSignal/OneSignal-iOS-SDK";
			requirement = {
				kind = upToNextMajorVersion;
				minimumVersion = 3.0.0;
			};
		};
/* End XCRemoteSwiftPackageReference section */

/* Begin XCSwiftPackageProductDependency section */
		2944FEE62575669B008DF8D1 /* SwiftUICharts */ = {
			isa = XCSwiftPackageProductDependency;
			package = 2944FEE52575669B008DF8D1 /* XCRemoteSwiftPackageReference "ChartView" */;
			productName = SwiftUICharts;
		};
		29EE28B2258A28A0007E58B0 /* OneSignal */ = {
			isa = XCSwiftPackageProductDependency;
			package = 29EE28B1258A28A0007E58B0 /* XCRemoteSwiftPackageReference "OneSignal-iOS-SDK" */;
			productName = OneSignal;
		};
/* End XCSwiftPackageProductDependency section */
	};
	rootObject = B739485A229F194000C47603 /* Project object */;
}
